
Microsoft Visual Studio Solution File, Format Version 12.00
# Visual Studio 15
VisualStudioVersion = 15.0.28010.2026
MinimumVisualStudioVersion = 10.0.40219.1
Project("{FAE04EC0-301F-11D3-BF4B-00C04F79EFBC}") = "OfflineTextUtilities.Ui", "OfflineTextUtilities.Ui\OfflineTextUtilities.Ui.csproj", "{73C84A25-C989-41A4-B947-DAA2CF37709B}"
EndProject
Project("{2150E333-8FDC-42A3-9474-1A3956D46DE8}") = "Solution Items", "Solution Items", "{1C8A6A4C-95A4-4415-B4B1-3FDC8B7D1392}"
	ProjectSection(SolutionItems) = preProject
		..\.gitignore = ..\.gitignore
		..\README.md = ..\README.md
	EndProjectSection
EndProject
Global
	GlobalSection(SolutionConfigurationPlatforms) = preSolution
		Debug|Any CPU = Debug|Any CPU
		Release|Any CPU = Release|Any CPU
	EndGlobalSection
	GlobalSection(ProjectConfigurationPlatforms) = postSolution
		{73C84A25-C989-41A4-B947-DAA2CF37709B}.Debug|Any CPU.ActiveCfg = Debug|Any CPU
		{73C84A25-C989-41A4-B947-DAA2CF37709B}.Debug|Any CPU.Build.0 = Debug|Any CPU
		{73C84A25-C989-41A4-B947-DAA2CF37709B}.Release|Any CPU.ActiveCfg = Release|Any CPU
		{73C84A25-C989-41A4-B947-DAA2CF37709B}.Release|Any CPU.Build.0 = Release|Any CPU
	EndGlobalSection
	GlobalSection(SolutionProperties) = preSolution
		HideSolutionNode = FALSE
	EndGlobalSection
	GlobalSection(ExtensibilityGlobals) = postSolution
		SolutionGuid = {B3554B36-9371-4E3C-B56B-1591A1B54611}
	EndGlobalSection
EndGlobal
